
Microsoft Visual Studio Solution File, Format Version 12.00
# Visual Studio Version 16
VisualStudioVersion = 16.0.30413.136
MinimumVisualStudioVersion = 10.0.40219.1
Project("{FAE04EC0-301F-11D3-BF4B-00C04F79EFBC}") = "MvcStok", "MvcStok\MvcStok.csproj", "{01F62B48-7B22-4205-A042-FCB6E3244372}"
EndProject
Project("{FAE04EC0-301F-11D3-BF4B-00C04F79EFBC}") = "MvcStok.BLL", "MvcStok.BLL\MvcStok.BLL.csproj", "{4DFBB918-E93F-4D90-AFAC-E6F6E05CE4B7}"
EndProject
Project("{FAE04EC0-301F-11D3-BF4B-00C04F79EFBC}") = "MvcStok.DAL", "MvcStok.DAL\MvcStok.DAL.csproj", "{1E778ACE-0496-4DBD-9B7B-F936F84EE9C1}"
EndProject
Global
	GlobalSection(SolutionConfigurationPlatforms) = preSolution
		Debug|Any CPU = Debug|Any CPU
		Release|Any CPU = Release|Any CPU
	EndGlobalSection
	GlobalSection(ProjectConfigurationPlatforms) = postSolution
		{01F62B48-7B22-4205-A042-FCB6E3244372}.Debug|Any CPU.ActiveCfg = Debug|Any CPU
		{01F62B48-7B22-4205-A042-FCB6E3244372}.Debug|Any CPU.Build.0 = Debug|Any CPU
		{01F62B48-7B22-4205-A042-FCB6E3244372}.Release|Any CPU.ActiveCfg = Release|Any CPU
		{01F62B48-7B22-4205-A042-FCB6E3244372}.Release|Any CPU.Build.0 = Release|Any CPU
		{4DFBB918-E93F-4D90-AFAC-E6F6E05CE4B7}.Debug|Any CPU.ActiveCfg = Debug|Any CPU
		{4DFBB918-E93F-4D90-AFAC-E6F6E05CE4B7}.Debug|Any CPU.Build.0 = Debug|Any CPU
		{4DFBB918-E93F-4D90-AFAC-E6F6E05CE4B7}.Release|Any CPU.ActiveCfg = Release|Any CPU
		{4DFBB918-E93F-4D90-AFAC-E6F6E05CE4B7}.Release|Any CPU.Build.0 = Release|Any CPU
		{1E778ACE-0496-4DBD-9B7B-F936F84EE9C1}.Debug|Any CPU.ActiveCfg = Debug|Any CPU
		{1E778ACE-0496-4DBD-9B7B-F936F84EE9C1}.Debug|Any CPU.Build.0 = Debug|Any CPU
		{1E778ACE-0496-4DBD-9B7B-F936F84EE9C1}.Release|Any CPU.ActiveCfg = Release|Any CPU
		{1E778ACE-0496-4DBD-9B7B-F936F84EE9C1}.Release|Any CPU.Build.0 = Release|Any CPU
	EndGlobalSection
	GlobalSection(SolutionProperties) = preSolution
		HideSolutionNode = FALSE
	EndGlobalSection
	GlobalSection(ExtensibilityGlobals) = postSolution
		SolutionGuid = {390C819B-B65D-4E6B-AE7A-021235F028D2}
	EndGlobalSection
EndGlobal
